// !$*UTF8*$!
{
	archiveVersion = 1;
	classes = {
	};
	objectVersion = 46;
	objects = {

/* Begin PBXBuildFile section */
		46D13C6A15E2639700B3037B /* UIKit.framework in Frameworks */ = {isa = PBXBuildFile; fileRef = 46D13C6915E2639700B3037B /* UIKit.framework */; };
		46D13C6C15E2639700B3037B /* Foundation.framework in Frameworks */ = {isa = PBXBuildFile; fileRef = 46D13C6B15E2639700B3037B /* Foundation.framework */; };
		46D13C6E15E2639700B3037B /* CoreGraphics.framework in Frameworks */ = {isa = PBXBuildFile; fileRef = 46D13C6D15E2639700B3037B /* CoreGraphics.framework */; };
		46D13C7415E2639700B3037B /* InfoPlist.strings in Resources */ = {isa = PBXBuildFile; fileRef = 46D13C7215E2639700B3037B /* InfoPlist.strings */; };
		46D13C7615E2639700B3037B /* main.m in Sources */ = {isa = PBXBuildFile; fileRef = 46D13C7515E2639700B3037B /* main.m */; };
		46D13C7A15E2639700B3037B /* AppDelegate.m in Sources */ = {isa = PBXBuildFile; fileRef = 46D13C7915E2639700B3037B /* AppDelegate.m */; };
		46D13C7D15E2639700B3037B /* MainStoryboard_iPhone.storyboard in Resources */ = {isa = PBXBuildFile; fileRef = 46D13C7B15E2639700B3037B /* MainStoryboard_iPhone.storyboard */; };
		46D13C8015E2639700B3037B /* MainStoryboard_iPad.storyboard in Resources */ = {isa = PBXBuildFile; fileRef = 46D13C7E15E2639700B3037B /* MainStoryboard_iPad.storyboard */; };
		46D13C8315E2639700B3037B /* MasterViewController.m in Sources */ = {isa = PBXBuildFile; fileRef = 46D13C8215E2639700B3037B /* MasterViewController.m */; };
		46D13C8615E2639700B3037B /* DetailViewController.m in Sources */ = {isa = PBXBuildFile; fileRef = 46D13C8515E2639700B3037B /* DetailViewController.m */; };
		46D13C8E15E2639700B3037B /* SenTestingKit.framework in Frameworks */ = {isa = PBXBuildFile; fileRef = 46D13C8D15E2639700B3037B /* SenTestingKit.framework */; };
		46D13C8F15E2639700B3037B /* UIKit.framework in Frameworks */ = {isa = PBXBuildFile; fileRef = 46D13C6915E2639700B3037B /* UIKit.framework */; };
		46D13C9015E2639700B3037B /* Foundation.framework in Frameworks */ = {isa = PBXBuildFile; fileRef = 46D13C6B15E2639700B3037B /* Foundation.framework */; };
		46D13C9815E2639700B3037B /* InfoPlist.strings in Resources */ = {isa = PBXBuildFile; fileRef = 46D13C9615E2639700B3037B /* InfoPlist.strings */; };
		46D13C9B15E2639800B3037B /* WordPressTests.m in Sources */ = {isa = PBXBuildFile; fileRef = 46D13C9A15E2639800B3037B /* WordPressTests.m */; };
/* End PBXBuildFile section */

/* Begin PBXContainerItemProxy section */
		46D13C9115E2639700B3037B /* PBXContainerItemProxy */ = {
			isa = PBXContainerItemProxy;
			containerPortal = 46D13C5C15E2639700B3037B /* Project object */;
			proxyType = 1;
			remoteGlobalIDString = 46D13C6415E2639700B3037B;
			remoteInfo = WordPress;
		};
/* End PBXContainerItemProxy section */

/* Begin PBXFileReference section */
		46D13C6515E2639700B3037B /* WordPress.app */ = {isa = PBXFileReference; explicitFileType = wrapper.application; includeInIndex = 0; path = WordPress.app; sourceTree = BUILT_PRODUCTS_DIR; };
		46D13C6915E2639700B3037B /* UIKit.framework */ = {isa = PBXFileReference; lastKnownFileType = wrapper.framework; name = UIKit.framework; path = System/Library/Frameworks/UIKit.framework; sourceTree = SDKROOT; };
		46D13C6B15E2639700B3037B /* Foundation.framework */ = {isa = PBXFileReference; lastKnownFileType = wrapper.framework; name = Foundation.framework; path = System/Library/Frameworks/Foundation.framework; sourceTree = SDKROOT; };
		46D13C6D15E2639700B3037B /* CoreGraphics.framework */ = {isa = PBXFileReference; lastKnownFileType = wrapper.framework; name = CoreGraphics.framework; path = System/Library/Frameworks/CoreGraphics.framework; sourceTree = SDKROOT; };
		46D13C7115E2639700B3037B /* WordPress-Info.plist */ = {isa = PBXFileReference; lastKnownFileType = text.plist.xml; path = "WordPress-Info.plist"; sourceTree = "<group>"; };
		46D13C7315E2639700B3037B /* en */ = {isa = PBXFileReference; lastKnownFileType = text.plist.strings; name = en; path = en.lproj/InfoPlist.strings; sourceTree = "<group>"; };
		46D13C7515E2639700B3037B /* main.m */ = {isa = PBXFileReference; lastKnownFileType = sourcecode.c.objc; path = main.m; sourceTree = "<group>"; };
		46D13C7715E2639700B3037B /* WordPress-Prefix.pch */ = {isa = PBXFileReference; lastKnownFileType = sourcecode.c.h; path = "WordPress-Prefix.pch"; sourceTree = "<group>"; };
		46D13C7815E2639700B3037B /* AppDelegate.h */ = {isa = PBXFileReference; lastKnownFileType = sourcecode.c.h; path = AppDelegate.h; sourceTree = "<group>"; };
		46D13C7915E2639700B3037B /* AppDelegate.m */ = {isa = PBXFileReference; lastKnownFileType = sourcecode.c.objc; path = AppDelegate.m; sourceTree = "<group>"; };
		46D13C7C15E2639700B3037B /* en */ = {isa = PBXFileReference; lastKnownFileType = file.storyboard; name = en; path = en.lproj/MainStoryboard_iPhone.storyboard; sourceTree = "<group>"; };
		46D13C7F15E2639700B3037B /* en */ = {isa = PBXFileReference; lastKnownFileType = file.storyboard; name = en; path = en.lproj/MainStoryboard_iPad.storyboard; sourceTree = "<group>"; };
		46D13C8115E2639700B3037B /* MasterViewController.h */ = {isa = PBXFileReference; lastKnownFileType = sourcecode.c.h; path = MasterViewController.h; sourceTree = "<group>"; };
		46D13C8215E2639700B3037B /* MasterViewController.m */ = {isa = PBXFileReference; lastKnownFileType = sourcecode.c.objc; path = MasterViewController.m; sourceTree = "<group>"; };
		46D13C8415E2639700B3037B /* DetailViewController.h */ = {isa = PBXFileReference; lastKnownFileType = sourcecode.c.h; path = DetailViewController.h; sourceTree = "<group>"; };
		46D13C8515E2639700B3037B /* DetailViewController.m */ = {isa = PBXFileReference; lastKnownFileType = sourcecode.c.objc; path = DetailViewController.m; sourceTree = "<group>"; };
		46D13C8C15E2639700B3037B /* WordPressTests.octest */ = {isa = PBXFileReference; explicitFileType = wrapper.cfbundle; includeInIndex = 0; path = WordPressTests.octest; sourceTree = BUILT_PRODUCTS_DIR; };
		46D13C8D15E2639700B3037B /* SenTestingKit.framework */ = {isa = PBXFileReference; lastKnownFileType = wrapper.framework; name = SenTestingKit.framework; path = Library/Frameworks/SenTestingKit.framework; sourceTree = DEVELOPER_DIR; };
		46D13C9515E2639700B3037B /* WordPressTests-Info.plist */ = {isa = PBXFileReference; lastKnownFileType = text.plist.xml; path = "WordPressTests-Info.plist"; sourceTree = "<group>"; };
		46D13C9715E2639700B3037B /* en */ = {isa = PBXFileReference; lastKnownFileType = text.plist.strings; name = en; path = en.lproj/InfoPlist.strings; sourceTree = "<group>"; };
		46D13C9915E2639800B3037B /* WordPressTests.h */ = {isa = PBXFileReference; lastKnownFileType = sourcecode.c.h; path = WordPressTests.h; sourceTree = "<group>"; };
		46D13C9A15E2639800B3037B /* WordPressTests.m */ = {isa = PBXFileReference; lastKnownFileType = sourcecode.c.objc; path = WordPressTests.m; sourceTree = "<group>"; };
/* End PBXFileReference section */

/* Begin PBXFrameworksBuildPhase section */
		46D13C6215E2639700B3037B /* Frameworks */ = {
			isa = PBXFrameworksBuildPhase;
			buildActionMask = 2147483647;
			files = (
				46D13C6A15E2639700B3037B /* UIKit.framework in Frameworks */,
				46D13C6C15E2639700B3037B /* Foundation.framework in Frameworks */,
				46D13C6E15E2639700B3037B /* CoreGraphics.framework in Frameworks */,
			);
			runOnlyForDeploymentPostprocessing = 0;
		};
		46D13C8815E2639700B3037B /* Frameworks */ = {
			isa = PBXFrameworksBuildPhase;
			buildActionMask = 2147483647;
			files = (
				46D13C8E15E2639700B3037B /* SenTestingKit.framework in Frameworks */,
				46D13C8F15E2639700B3037B /* UIKit.framework in Frameworks */,
				46D13C9015E2639700B3037B /* Foundation.framework in Frameworks */,
			);
			runOnlyForDeploymentPostprocessing = 0;
		};
/* End PBXFrameworksBuildPhase section */

/* Begin PBXGroup section */
		46D13C5A15E2639700B3037B = {
			isa = PBXGroup;
			children = (
				46D13C6F15E2639700B3037B /* WordPress */,
				46D13C9315E2639700B3037B /* WordPressTests */,
				46D13C6815E2639700B3037B /* Frameworks */,
				46D13C6615E2639700B3037B /* Products */,
			);
			sourceTree = "<group>";
		};
		46D13C6615E2639700B3037B /* Products */ = {
			isa = PBXGroup;
			children = (
				46D13C6515E2639700B3037B /* WordPress.app */,
				46D13C8C15E2639700B3037B /* WordPressTests.octest */,
			);
			name = Products;
			sourceTree = "<group>";
		};
		46D13C6815E2639700B3037B /* Frameworks */ = {
			isa = PBXGroup;
			children = (
				46D13C6915E2639700B3037B /* UIKit.framework */,
				46D13C6B15E2639700B3037B /* Foundation.framework */,
				46D13C6D15E2639700B3037B /* CoreGraphics.framework */,
				46D13C8D15E2639700B3037B /* SenTestingKit.framework */,
			);
			name = Frameworks;
			sourceTree = "<group>";
		};
		46D13C6F15E2639700B3037B /* WordPress */ = {
			isa = PBXGroup;
			children = (
				46D13C7815E2639700B3037B /* AppDelegate.h */,
				46D13C7915E2639700B3037B /* AppDelegate.m */,
				46D13C7B15E2639700B3037B /* MainStoryboard_iPhone.storyboard */,
				46D13C7E15E2639700B3037B /* MainStoryboard_iPad.storyboard */,
				46D13C8115E2639700B3037B /* MasterViewController.h */,
				46D13C8215E2639700B3037B /* MasterViewController.m */,
				46D13C8415E2639700B3037B /* DetailViewController.h */,
				46D13C8515E2639700B3037B /* DetailViewController.m */,
				46D13C7015E2639700B3037B /* Supporting Files */,
			);
			path = WordPress;
			sourceTree = "<group>";
		};
		46D13C7015E2639700B3037B /* Supporting Files */ = {
			isa = PBXGroup;
			children = (
				46D13C7115E2639700B3037B /* WordPress-Info.plist */,
				46D13C7215E2639700B3037B /* InfoPlist.strings */,
				46D13C7515E2639700B3037B /* main.m */,
				46D13C7715E2639700B3037B /* WordPress-Prefix.pch */,
			);
			name = "Supporting Files";
			sourceTree = "<group>";
		};
		46D13C9315E2639700B3037B /* WordPressTests */ = {
			isa = PBXGroup;
			children = (
				46D13C9915E2639800B3037B /* WordPressTests.h */,
				46D13C9A15E2639800B3037B /* WordPressTests.m */,
				46D13C9415E2639700B3037B /* Supporting Files */,
			);
			path = WordPressTests;
			sourceTree = "<group>";
		};
		46D13C9415E2639700B3037B /* Supporting Files */ = {
			isa = PBXGroup;
			children = (
				46D13C9515E2639700B3037B /* WordPressTests-Info.plist */,
				46D13C9615E2639700B3037B /* InfoPlist.strings */,
			);
			name = "Supporting Files";
			sourceTree = "<group>";
		};
/* End PBXGroup section */

/* Begin PBXNativeTarget section */
		46D13C6415E2639700B3037B /* WordPress */ = {
			isa = PBXNativeTarget;
			buildConfigurationList = 46D13C9E15E2639800B3037B /* Build configuration list for PBXNativeTarget "WordPress" */;
			buildPhases = (
				46D13C6115E2639700B3037B /* Sources */,
				46D13C6215E2639700B3037B /* Frameworks */,
				46D13C6315E2639700B3037B /* Resources */,
			);
			buildRules = (
			);
			dependencies = (
			);
			name = WordPress;
			productName = WordPress;
			productReference = 46D13C6515E2639700B3037B /* WordPress.app */;
			productType = "com.apple.product-type.application";
		};
		46D13C8B15E2639700B3037B /* WordPressTests */ = {
			isa = PBXNativeTarget;
			buildConfigurationList = 46D13CA115E2639800B3037B /* Build configuration list for PBXNativeTarget "WordPressTests" */;
			buildPhases = (
				46D13C8715E2639700B3037B /* Sources */,
				46D13C8815E2639700B3037B /* Frameworks */,
				46D13C8915E2639700B3037B /* Resources */,
				46D13C8A15E2639700B3037B /* ShellScript */,
			);
			buildRules = (
			);
			dependencies = (
				46D13C9215E2639700B3037B /* PBXTargetDependency */,
			);
			name = WordPressTests;
			productName = WordPressTests;
			productReference = 46D13C8C15E2639700B3037B /* WordPressTests.octest */;
			productType = "com.apple.product-type.bundle";
		};
/* End PBXNativeTarget section */

/* Begin PBXProject section */
		46D13C5C15E2639700B3037B /* Project object */ = {
			isa = PBXProject;
			attributes = {
				LastUpgradeCheck = 0440;
				ORGANIZATIONNAME = "Jun Tao Luo";
			};
			buildConfigurationList = 46D13C5F15E2639700B3037B /* Build configuration list for PBXProject "WordPress" */;
			compatibilityVersion = "Xcode 3.2";
			developmentRegion = English;
			hasScannedForEncodings = 0;
			knownRegions = (
				en,
			);
			mainGroup = 46D13C5A15E2639700B3037B;
			productRefGroup = 46D13C6615E2639700B3037B /* Products */;
			projectDirPath = "";
			projectRoot = "";
			targets = (
				46D13C6415E2639700B3037B /* WordPress */,
				46D13C8B15E2639700B3037B /* WordPressTests */,
			);
		};
/* End PBXProject section */

/* Begin PBXResourcesBuildPhase section */
		46D13C6315E2639700B3037B /* Resources */ = {
			isa = PBXResourcesBuildPhase;
			buildActionMask = 2147483647;
			files = (
				46D13C7415E2639700B3037B /* InfoPlist.strings in Resources */,
				46D13C7D15E2639700B3037B /* MainStoryboard_iPhone.storyboard in Resources */,
				46D13C8015E2639700B3037B /* MainStoryboard_iPad.storyboard in Resources */,
			);
			runOnlyForDeploymentPostprocessing = 0;
		};
		46D13C8915E2639700B3037B /* Resources */ = {
			isa = PBXResourcesBuildPhase;
			buildActionMask = 2147483647;
			files = (
				46D13C9815E2639700B3037B /* InfoPlist.strings in Resources */,
			);
			runOnlyForDeploymentPostprocessing = 0;
		};
/* End PBXResourcesBuildPhase section */

/* Begin PBXShellScriptBuildPhase section */
		46D13C8A15E2639700B3037B /* ShellScript */ = {
			isa = PBXShellScriptBuildPhase;
			buildActionMask = 2147483647;
			files = (
			);
			inputPaths = (
			);
			outputPaths = (
			);
			runOnlyForDeploymentPostprocessing = 0;
			shellPath = /bin/sh;
			shellScript = "# Run the unit tests in this test bundle.\n\"${SYSTEM_DEVELOPER_DIR}/Tools/RunUnitTests\"\n";
		};
/* End PBXShellScriptBuildPhase section */

/* Begin PBXSourcesBuildPhase section */
		46D13C6115E2639700B3037B /* Sources */ = {
			isa = PBXSourcesBuildPhase;
			buildActionMask = 2147483647;
			files = (
				46D13C7615E2639700B3037B /* main.m in Sources */,
				46D13C7A15E2639700B3037B /* AppDelegate.m in Sources */,
				46D13C8315E2639700B3037B /* MasterViewController.m in Sources */,
				46D13C8615E2639700B3037B /* DetailViewController.m in Sources */,
			);
			runOnlyForDeploymentPostprocessing = 0;
		};
		46D13C8715E2639700B3037B /* Sources */ = {
			isa = PBXSourcesBuildPhase;
			buildActionMask = 2147483647;
			files = (
				46D13C9B15E2639800B3037B /* WordPressTests.m in Sources */,
			);
			runOnlyForDeploymentPostprocessing = 0;
		};
/* End PBXSourcesBuildPhase section */

/* Begin PBXTargetDependency section */
		46D13C9215E2639700B3037B /* PBXTargetDependency */ = {
			isa = PBXTargetDependency;
			target = 46D13C6415E2639700B3037B /* WordPress */;
			targetProxy = 46D13C9115E2639700B3037B /* PBXContainerItemProxy */;
		};
/* End PBXTargetDependency section */

/* Begin PBXVariantGroup section */
		46D13C7215E2639700B3037B /* InfoPlist.strings */ = {
			isa = PBXVariantGroup;
			children = (
				46D13C7315E2639700B3037B /* en */,
			);
			name = InfoPlist.strings;
			sourceTree = "<group>";
		};
		46D13C7B15E2639700B3037B /* MainStoryboard_iPhone.storyboard */ = {
			isa = PBXVariantGroup;
			children = (
				46D13C7C15E2639700B3037B /* en */,
			);
			name = MainStoryboard_iPhone.storyboard;
			sourceTree = "<group>";
		};
		46D13C7E15E2639700B3037B /* MainStoryboard_iPad.storyboard */ = {
			isa = PBXVariantGroup;
			children = (
				46D13C7F15E2639700B3037B /* en */,
			);
			name = MainStoryboard_iPad.storyboard;
			sourceTree = "<group>";
		};
		46D13C9615E2639700B3037B /* InfoPlist.strings */ = {
			isa = PBXVariantGroup;
			children = (
				46D13C9715E2639700B3037B /* en */,
			);
			name = InfoPlist.strings;
			sourceTree = "<group>";
		};
/* End PBXVariantGroup section */

/* Begin XCBuildConfiguration section */
		46D13C9C15E2639800B3037B /* Debug */ = {
			isa = XCBuildConfiguration;
			buildSettings = {
				ALWAYS_SEARCH_USER_PATHS = NO;
				ARCHS = "$(ARCHS_STANDARD_32_BIT)";
				CLANG_CXX_LANGUAGE_STANDARD = "gnu++0x";
				CLANG_ENABLE_OBJC_ARC = YES;
				CLANG_WARN__DUPLICATE_METHOD_MATCH = YES;
				"CODE_SIGN_IDENTITY[sdk=iphoneos*]" = "iPhone Developer";
				COPY_PHASE_STRIP = NO;
				GCC_C_LANGUAGE_STANDARD = gnu99;
				GCC_DYNAMIC_NO_PIC = NO;
				GCC_OPTIMIZATION_LEVEL = 0;
				GCC_PREPROCESSOR_DEFINITIONS = (
					"DEBUG=1",
					"$(inherited)",
				);
				GCC_SYMBOLS_PRIVATE_EXTERN = NO;
				GCC_VERSION = com.apple.compilers.llvm.clang.1_0;
				GCC_WARN_ABOUT_RETURN_TYPE = YES;
				GCC_WARN_UNINITIALIZED_AUTOS = YES;
				GCC_WARN_UNUSED_VARIABLE = YES;
				IPHONEOS_DEPLOYMENT_TARGET = 5.1;
				SDKROOT = iphoneos;
				TARGETED_DEVICE_FAMILY = "1,2";
			};
			name = Debug;
		};
		46D13C9D15E2639800B3037B /* Release */ = {
			isa = XCBuildConfiguration;
			buildSettings = {
				ALWAYS_SEARCH_USER_PATHS = NO;
				ARCHS = "$(ARCHS_STANDARD_32_BIT)";
				CLANG_CXX_LANGUAGE_STANDARD = "gnu++0x";
				CLANG_ENABLE_OBJC_ARC = YES;
				CLANG_WARN__DUPLICATE_METHOD_MATCH = YES;
				"CODE_SIGN_IDENTITY[sdk=iphoneos*]" = "iPhone Developer";
				COPY_PHASE_STRIP = YES;
				GCC_C_LANGUAGE_STANDARD = gnu99;
				GCC_VERSION = com.apple.compilers.llvm.clang.1_0;
				GCC_WARN_ABOUT_RETURN_TYPE = YES;
				GCC_WARN_UNINITIALIZED_AUTOS = YES;
				GCC_WARN_UNUSED_VARIABLE = YES;
				IPHONEOS_DEPLOYMENT_TARGET = 5.1;
				OTHER_CFLAGS = "-DNS_BLOCK_ASSERTIONS=1";
				SDKROOT = iphoneos;
				TARGETED_DEVICE_FAMILY = "1,2";
				VALIDATE_PRODUCT = YES;
			};
			name = Release;
		};
		46D13C9F15E2639800B3037B /* Debug */ = {
			isa = XCBuildConfiguration;
			buildSettings = {
				GCC_PRECOMPILE_PREFIX_HEADER = YES;
				GCC_PREFIX_HEADER = "WordPress/WordPress-Prefix.pch";
				INFOPLIST_FILE = "WordPress/WordPress-Info.plist";
				PRODUCT_NAME = "$(TARGET_NAME)";
				WRAPPER_EXTENSION = app;
			};
			name = Debug;
		};
		46D13CA015E2639800B3037B /* Release */ = {
			isa = XCBuildConfiguration;
			buildSettings = {
				GCC_PRECOMPILE_PREFIX_HEADER = YES;
				GCC_PREFIX_HEADER = "WordPress/WordPress-Prefix.pch";
				INFOPLIST_FILE = "WordPress/WordPress-Info.plist";
				PRODUCT_NAME = "$(TARGET_NAME)";
				WRAPPER_EXTENSION = app;
			};
			name = Release;
		};
		46D13CA215E2639800B3037B /* Debug */ = {
			isa = XCBuildConfiguration;
			buildSettings = {
				BUNDLE_LOADER = "$(BUILT_PRODUCTS_DIR)/WordPress.app/WordPress";
				FRAMEWORK_SEARCH_PATHS = (
					"\"$(SDKROOT)/Developer/Library/Frameworks\"",
					"\"$(DEVELOPER_LIBRARY_DIR)/Frameworks\"",
				);
				GCC_PRECOMPILE_PREFIX_HEADER = YES;
				GCC_PREFIX_HEADER = "WordPress/WordPress-Prefix.pch";
				INFOPLIST_FILE = "WordPressTests/WordPressTests-Info.plist";
				PRODUCT_NAME = "$(TARGET_NAME)";
				TEST_HOST = "$(BUNDLE_LOADER)";
				WRAPPER_EXTENSION = octest;
			};
			name = Debug;
		};
		46D13CA315E2639800B3037B /* Release */ = {
			isa = XCBuildConfiguration;
			buildSettings = {
				BUNDLE_LOADER = "$(BUILT_PRODUCTS_DIR)/WordPress.app/WordPress";
				FRAMEWORK_SEARCH_PATHS = (
					"\"$(SDKROOT)/Developer/Library/Frameworks\"",
					"\"$(DEVELOPER_LIBRARY_DIR)/Frameworks\"",
				);
				GCC_PRECOMPILE_PREFIX_HEADER = YES;
				GCC_PREFIX_HEADER = "WordPress/WordPress-Prefix.pch";
				INFOPLIST_FILE = "WordPressTests/WordPressTests-Info.plist";
				PRODUCT_NAME = "$(TARGET_NAME)";
				TEST_HOST = "$(BUNDLE_LOADER)";
				WRAPPER_EXTENSION = octest;
			};
			name = Release;
		};
/* End XCBuildConfiguration section */

/* Begin XCConfigurationList section */
		46D13C5F15E2639700B3037B /* Build configuration list for PBXProject "WordPress" */ = {
			isa = XCConfigurationList;
			buildConfigurations = (
				46D13C9C15E2639800B3037B /* Debug */,
				46D13C9D15E2639800B3037B /* Release */,
			);
			defaultConfigurationIsVisible = 0;
			defaultConfigurationName = Release;
		};
		46D13C9E15E2639800B3037B /* Build configuration list for PBXNativeTarget "WordPress" */ = {
			isa = XCConfigurationList;
			buildConfigurations = (
				46D13C9F15E2639800B3037B /* Debug */,
				46D13CA015E2639800B3037B /* Release */,
			);
			defaultConfigurationIsVisible = 0;
		};
		46D13CA115E2639800B3037B /* Build configuration list for PBXNativeTarget "WordPressTests" */ = {
			isa = XCConfigurationList;
			buildConfigurations = (
				46D13CA215E2639800B3037B /* Debug */,
				46D13CA315E2639800B3037B /* Release */,
			);
			defaultConfigurationIsVisible = 0;
		};
/* End XCConfigurationList section */
	};
	rootObject = 46D13C5C15E2639700B3037B /* Project object */;
}
